
Microsoft Visual Studio Solution File, Format Version 12.00
# Visual Studio Version 16
VisualStudioVersion = 16.0.28407.52
MinimumVisualStudioVersion = 10.0.40219.1
Project("{2150E333-8FDC-42A3-9474-1A3956D46DE8}") = "Server", "Server", "{CC571A36-7131-401E-BB48-94BE477E4157}"
EndProject
Project("{2150E333-8FDC-42A3-9474-1A3956D46DE8}") = "Client", "Client", "{185A5880-546C-4E1B-A226-71DDC59F6DC4}"
EndProject
Project("{FAE04EC0-301F-11D3-BF4B-00C04F79EFBC}") = "MiniBook.App.Android", "Client\MiniBook.App.Android\MiniBook.App.Android.csproj", "{C237B85A-7874-4201-8FAA-60665A90E0FE}"
EndProject
Project("{FAE04EC0-301F-11D3-BF4B-00C04F79EFBC}") = "MiniBook.App.iOS", "Client\MiniBook.App.iOS\MiniBook.App.iOS.csproj", "{1CF4A57D-084F-4125-9B15-5225AC01CF82}"
EndProject
Project("{9A19103F-16F7-4668-BE54-9A1E7A4F7556}") = "MiniBook.App", "Client\MiniBook.App\MiniBook.App.csproj", "{B036EDAE-726F-4184-BEC6-206AE3F300A7}"
EndProject
Project("{9A19103F-16F7-4668-BE54-9A1E7A4F7556}") = "MiniBook.Identity", "Server\MiniBook.Identity\MiniBook.Identity.csproj", "{0D3B4EEE-A17B-4FD0-834E-5CCD210C49B9}"
EndProject
Project("{9A19103F-16F7-4668-BE54-9A1E7A4F7556}") = "MiniBook.Resource", "Server\MiniBook.Resource\MiniBook.Resource.csproj", "{51165F20-503B-4A95-BBAA-C541964FB087}"
EndProject
Project("{9A19103F-16F7-4668-BE54-9A1E7A4F7556}") = "MiniBook.Server.Shared", "Server\MiniBook.Server.Shared\MiniBook.Server.Shared.csproj", "{A42B162C-3044-4D65-837D-0852DB0C1E72}"
EndProject
Project("{9A19103F-16F7-4668-BE54-9A1E7A4F7556}") = "MiniBook.Test", "Test\MiniBook.Test\MiniBook.Test.csproj", "{38675F7C-9011-4088-B680-61871809F737}"
EndProject
Project("{9A19103F-16F7-4668-BE54-9A1E7A4F7556}") = "MiniBook.Data", "Server\MiniBook.Data\MiniBook.Data.csproj", "{D2FC823D-37C9-474A-AE33-D72995EF7EA1}"
EndProject
Project("{9A19103F-16F7-4668-BE54-9A1E7A4F7556}") = "MiniBook.Data.Test", "Server\MiniBook.Data.Test\MiniBook.Data.Test.csproj", "{7A706915-586C-45EF-93D5-FB9A4777987A}"
EndProject
Project("{2150E333-8FDC-42A3-9474-1A3956D46DE8}") = "Test", "Test", "{A7DEE167-120A-474F-9C09-4AA604D226EA}"
EndProject
Project("{2150E333-8FDC-42A3-9474-1A3956D46DE8}") = "Shared", "Shared", "{451694FF-8027-4AA2-A62B-54223A96C40F}"
EndProject
Project("{2150E333-8FDC-42A3-9474-1A3956D46DE8}") = "Data", "Data", "{98776C4C-7AE6-436E-AF1D-CF8E48D8A7AC}"
EndProject
Global
	GlobalSection(SolutionConfigurationPlatforms) = preSolution
		Ad-Hoc|Any CPU = Ad-Hoc|Any CPU
		Ad-Hoc|iPhone = Ad-Hoc|iPhone
		Ad-Hoc|iPhoneSimulator = Ad-Hoc|iPhoneSimulator
		AppStore|Any CPU = AppStore|Any CPU
		AppStore|iPhone = AppStore|iPhone
		AppStore|iPhoneSimulator = AppStore|iPhoneSimulator
		Debug|Any CPU = Debug|Any CPU
		Debug|iPhone = Debug|iPhone
		Debug|iPhoneSimulator = Debug|iPhoneSimulator
		Release|Any CPU = Release|Any CPU
		Release|iPhone = Release|iPhone
		Release|iPhoneSimulator = Release|iPhoneSimulator
	EndGlobalSection
	GlobalSection(ProjectConfigurationPlatforms) = postSolution
		{C237B85A-7874-4201-8FAA-60665A90E0FE}.Ad-Hoc|Any CPU.ActiveCfg = Release|Any CPU
		{C237B85A-7874-4201-8FAA-60665A90E0FE}.Ad-Hoc|Any CPU.Build.0 = Release|Any CPU
		{C237B85A-7874-4201-8FAA-60665A90E0FE}.Ad-Hoc|Any CPU.Deploy.0 = Release|Any CPU
		{C237B85A-7874-4201-8FAA-60665A90E0FE}.Ad-Hoc|iPhone.ActiveCfg = Release|Any CPU
		{C237B85A-7874-4201-8FAA-60665A90E0FE}.Ad-Hoc|iPhone.Build.0 = Release|Any CPU
		{C237B85A-7874-4201-8FAA-60665A90E0FE}.Ad-Hoc|iPhone.Deploy.0 = Release|Any CPU
		{C237B85A-7874-4201-8FAA-60665A90E0FE}.Ad-Hoc|iPhoneSimulator.ActiveCfg = Release|Any CPU
		{C237B85A-7874-4201-8FAA-60665A90E0FE}.Ad-Hoc|iPhoneSimulator.Build.0 = Release|Any CPU
		{C237B85A-7874-4201-8FAA-60665A90E0FE}.Ad-Hoc|iPhoneSimulator.Deploy.0 = Release|Any CPU
		{C237B85A-7874-4201-8FAA-60665A90E0FE}.AppStore|Any CPU.ActiveCfg = Release|Any CPU
		{C237B85A-7874-4201-8FAA-60665A90E0FE}.AppStore|Any CPU.Build.0 = Release|Any CPU
		{C237B85A-7874-4201-8FAA-60665A90E0FE}.AppStore|Any CPU.Deploy.0 = Release|Any CPU
		{C237B85A-7874-4201-8FAA-60665A90E0FE}.AppStore|iPhone.ActiveCfg = Release|Any CPU
		{C237B85A-7874-4201-8FAA-60665A90E0FE}.AppStore|iPhone.Build.0 = Release|Any CPU
		{C237B85A-7874-4201-8FAA-60665A90E0FE}.AppStore|iPhone.Deploy.0 = Release|Any CPU
		{C237B85A-7874-4201-8FAA-60665A90E0FE}.AppStore|iPhoneSimulator.ActiveCfg = Release|Any CPU
		{C237B85A-7874-4201-8FAA-60665A90E0FE}.AppStore|iPhoneSimulator.Build.0 = Release|Any CPU
		{C237B85A-7874-4201-8FAA-60665A90E0FE}.AppStore|iPhoneSimulator.Deploy.0 = Release|Any CPU
		{C237B85A-7874-4201-8FAA-60665A90E0FE}.Debug|Any CPU.ActiveCfg = Debug|Any CPU
		{C237B85A-7874-4201-8FAA-60665A90E0FE}.Debug|Any CPU.Build.0 = Debug|Any CPU
		{C237B85A-7874-4201-8FAA-60665A90E0FE}.Debug|Any CPU.Deploy.0 = Debug|Any CPU
		{C237B85A-7874-4201-8FAA-60665A90E0FE}.Debug|iPhone.ActiveCfg = Debug|Any CPU
		{C237B85A-7874-4201-8FAA-60665A90E0FE}.Debug|iPhone.Build.0 = Debug|Any CPU
		{C237B85A-7874-4201-8FAA-60665A90E0FE}.Debug|iPhone.Deploy.0 = Debug|Any CPU
		{C237B85A-7874-4201-8FAA-60665A90E0FE}.Debug|iPhoneSimulator.ActiveCfg = Debug|Any CPU
		{C237B85A-7874-4201-8FAA-60665A90E0FE}.Debug|iPhoneSimulator.Build.0 = Debug|Any CPU
		{C237B85A-7874-4201-8FAA-60665A90E0FE}.Debug|iPhoneSimulator.Deploy.0 = Debug|Any CPU
		{C237B85A-7874-4201-8FAA-60665A90E0FE}.Release|Any CPU.ActiveCfg = Release|Any CPU
		{C237B85A-7874-4201-8FAA-60665A90E0FE}.Release|Any CPU.Build.0 = Release|Any CPU
		{C237B85A-7874-4201-8FAA-60665A90E0FE}.Release|Any CPU.Deploy.0 = Release|Any CPU
		{C237B85A-7874-4201-8FAA-60665A90E0FE}.Release|iPhone.ActiveCfg = Release|Any CPU
		{C237B85A-7874-4201-8FAA-60665A90E0FE}.Release|iPhone.Build.0 = Release|Any CPU
		{C237B85A-7874-4201-8FAA-60665A90E0FE}.Release|iPhone.Deploy.0 = Release|Any CPU
		{C237B85A-7874-4201-8FAA-60665A90E0FE}.Release|iPhoneSimulator.ActiveCfg = Release|Any CPU
		{C237B85A-7874-4201-8FAA-60665A90E0FE}.Release|iPhoneSimulator.Build.0 = Release|Any CPU
		{C237B85A-7874-4201-8FAA-60665A90E0FE}.Release|iPhoneSimulator.Deploy.0 = Release|Any CPU
		{1CF4A57D-084F-4125-9B15-5225AC01CF82}.Ad-Hoc|Any CPU.ActiveCfg = Ad-Hoc|iPhone
		{1CF4A57D-084F-4125-9B15-5225AC01CF82}.Ad-Hoc|iPhone.ActiveCfg = Ad-Hoc|iPhone
		{1CF4A57D-084F-4125-9B15-5225AC01CF82}.Ad-Hoc|iPhone.Build.0 = Ad-Hoc|iPhone
		{1CF4A57D-084F-4125-9B15-5225AC01CF82}.Ad-Hoc|iPhoneSimulator.ActiveCfg = Ad-Hoc|iPhoneSimulator
		{1CF4A57D-084F-4125-9B15-5225AC01CF82}.Ad-Hoc|iPhoneSimulator.Build.0 = Ad-Hoc|iPhoneSimulator
		{1CF4A57D-084F-4125-9B15-5225AC01CF82}.AppStore|Any CPU.ActiveCfg = AppStore|iPhone
		{1CF4A57D-084F-4125-9B15-5225AC01CF82}.AppStore|iPhone.ActiveCfg = AppStore|iPhone
		{1CF4A57D-084F-4125-9B15-5225AC01CF82}.AppStore|iPhone.Build.0 = AppStore|iPhone
		{1CF4A57D-084F-4125-9B15-5225AC01CF82}.AppStore|iPhoneSimulator.ActiveCfg = AppStore|iPhoneSimulator
		{1CF4A57D-084F-4125-9B15-5225AC01CF82}.AppStore|iPhoneSimulator.Build.0 = AppStore|iPhoneSimulator
		{1CF4A57D-084F-4125-9B15-5225AC01CF82}.Debug|Any CPU.ActiveCfg = Debug|iPhone
		{1CF4A57D-084F-4125-9B15-5225AC01CF82}.Debug|iPhone.ActiveCfg = Debug|iPhone
		{1CF4A57D-084F-4125-9B15-5225AC01CF82}.Debug|iPhone.Build.0 = Debug|iPhone
		{1CF4A57D-084F-4125-9B15-5225AC01CF82}.Debug|iPhoneSimulator.ActiveCfg = Debug|iPhoneSimulator
		{1CF4A57D-084F-4125-9B15-5225AC01CF82}.Debug|iPhoneSimulator.Build.0 = Debug|iPhoneSimulator
		{1CF4A57D-084F-4125-9B15-5225AC01CF82}.Release|Any CPU.ActiveCfg = Release|iPhone
		{1CF4A57D-084F-4125-9B15-5225AC01CF82}.Release|iPhone.ActiveCfg = Release|iPhone
		{1CF4A57D-084F-4125-9B15-5225AC01CF82}.Release|iPhone.Build.0 = Release|iPhone
		{1CF4A57D-084F-4125-9B15-5225AC01CF82}.Release|iPhoneSimulator.ActiveCfg = Release|iPhoneSimulator
		{1CF4A57D-084F-4125-9B15-5225AC01CF82}.Release|iPhoneSimulator.Build.0 = Release|iPhoneSimulator
		{B036EDAE-726F-4184-BEC6-206AE3F300A7}.Ad-Hoc|Any CPU.ActiveCfg = Debug|Any CPU
		{B036EDAE-726F-4184-BEC6-206AE3F300A7}.Ad-Hoc|Any CPU.Build.0 = Debug|Any CPU
		{B036EDAE-726F-4184-BEC6-206AE3F300A7}.Ad-Hoc|iPhone.ActiveCfg = Debug|Any CPU
		{B036EDAE-726F-4184-BEC6-206AE3F300A7}.Ad-Hoc|iPhone.Build.0 = Debug|Any CPU
		{B036EDAE-726F-4184-BEC6-206AE3F300A7}.Ad-Hoc|iPhoneSimulator.ActiveCfg = Debug|Any CPU
		{B036EDAE-726F-4184-BEC6-206AE3F300A7}.Ad-Hoc|iPhoneSimulator.Build.0 = Debug|Any CPU
		{B036EDAE-726F-4184-BEC6-206AE3F300A7}.AppStore|Any CPU.ActiveCfg = Debug|Any CPU
		{B036EDAE-726F-4184-BEC6-206AE3F300A7}.AppStore|Any CPU.Build.0 = Debug|Any CPU
		{B036EDAE-726F-4184-BEC6-206AE3F300A7}.AppStore|iPhone.ActiveCfg = Debug|Any CPU
		{B036EDAE-726F-4184-BEC6-206AE3F300A7}.AppStore|iPhone.Build.0 = Debug|Any CPU
		{B036EDAE-726F-4184-BEC6-206AE3F300A7}.AppStore|iPhoneSimulator.ActiveCfg = Debug|Any CPU
		{B036EDAE-726F-4184-BEC6-206AE3F300A7}.AppStore|iPhoneSimulator.Build.0 = Debug|Any CPU
		{B036EDAE-726F-4184-BEC6-206AE3F300A7}.Debug|Any CPU.ActiveCfg = Debug|Any CPU
		{B036EDAE-726F-4184-BEC6-206AE3F300A7}.Debug|Any CPU.Build.0 = Debug|Any CPU
		{B036EDAE-726F-4184-BEC6-206AE3F300A7}.Debug|iPhone.ActiveCfg = Debug|Any CPU
		{B036EDAE-726F-4184-BEC6-206AE3F300A7}.Debug|iPhone.Build.0 = Debug|Any CPU
		{B036EDAE-726F-4184-BEC6-206AE3F300A7}.Debug|iPhoneSimulator.ActiveCfg = Debug|Any CPU
		{B036EDAE-726F-4184-BEC6-206AE3F300A7}.Debug|iPhoneSimulator.Build.0 = Debug|Any CPU
		{B036EDAE-726F-4184-BEC6-206AE3F300A7}.Release|Any CPU.ActiveCfg = Release|Any CPU
		{B036EDAE-726F-4184-BEC6-206AE3F300A7}.Release|Any CPU.Build.0 = Release|Any CPU
		{B036EDAE-726F-4184-BEC6-206AE3F300A7}.Release|iPhone.ActiveCfg = Release|Any CPU
		{B036EDAE-726F-4184-BEC6-206AE3F300A7}.Release|iPhone.Build.0 = Release|Any CPU
		{B036EDAE-726F-4184-BEC6-206AE3F300A7}.Release|iPhoneSimulator.ActiveCfg = Release|Any CPU
		{B036EDAE-726F-4184-BEC6-206AE3F300A7}.Release|iPhoneSimulator.Build.0 = Release|Any CPU
		{0D3B4EEE-A17B-4FD0-834E-5CCD210C49B9}.Ad-Hoc|Any CPU.ActiveCfg = Debug|Any CPU
		{0D3B4EEE-A17B-4FD0-834E-5CCD210C49B9}.Ad-Hoc|Any CPU.Build.0 = Debug|Any CPU
		{0D3B4EEE-A17B-4FD0-834E-5CCD210C49B9}.Ad-Hoc|iPhone.ActiveCfg = Debug|Any CPU
		{0D3B4EEE-A17B-4FD0-834E-5CCD210C49B9}.Ad-Hoc|iPhone.Build.0 = Debug|Any CPU
		{0D3B4EEE-A17B-4FD0-834E-5CCD210C49B9}.Ad-Hoc|iPhoneSimulator.ActiveCfg = Debug|Any CPU
		{0D3B4EEE-A17B-4FD0-834E-5CCD210C49B9}.Ad-Hoc|iPhoneSimulator.Build.0 = Debug|Any CPU
		{0D3B4EEE-A17B-4FD0-834E-5CCD210C49B9}.AppStore|Any CPU.ActiveCfg = Debug|Any CPU
		{0D3B4EEE-A17B-4FD0-834E-5CCD210C49B9}.AppStore|Any CPU.Build.0 = Debug|Any CPU
		{0D3B4EEE-A17B-4FD0-834E-5CCD210C49B9}.AppStore|iPhone.ActiveCfg = Debug|Any CPU
		{0D3B4EEE-A17B-4FD0-834E-5CCD210C49B9}.AppStore|iPhone.Build.0 = Debug|Any CPU
		{0D3B4EEE-A17B-4FD0-834E-5CCD210C49B9}.AppStore|iPhoneSimulator.ActiveCfg = Debug|Any CPU
		{0D3B4EEE-A17B-4FD0-834E-5CCD210C49B9}.AppStore|iPhoneSimulator.Build.0 = Debug|Any CPU
		{0D3B4EEE-A17B-4FD0-834E-5CCD210C49B9}.Debug|Any CPU.ActiveCfg = Debug|Any CPU
		{0D3B4EEE-A17B-4FD0-834E-5CCD210C49B9}.Debug|Any CPU.Build.0 = Debug|Any CPU
		{0D3B4EEE-A17B-4FD0-834E-5CCD210C49B9}.Debug|iPhone.ActiveCfg = Debug|Any CPU
		{0D3B4EEE-A17B-4FD0-834E-5CCD210C49B9}.Debug|iPhone.Build.0 = Debug|Any CPU
		{0D3B4EEE-A17B-4FD0-834E-5CCD210C49B9}.Debug|iPhoneSimulator.ActiveCfg = Debug|Any CPU
		{0D3B4EEE-A17B-4FD0-834E-5CCD210C49B9}.Debug|iPhoneSimulator.Build.0 = Debug|Any CPU
		{0D3B4EEE-A17B-4FD0-834E-5CCD210C49B9}.Release|Any CPU.ActiveCfg = Release|Any CPU
		{0D3B4EEE-A17B-4FD0-834E-5CCD210C49B9}.Release|Any CPU.Build.0 = Release|Any CPU
		{0D3B4EEE-A17B-4FD0-834E-5CCD210C49B9}.Release|iPhone.ActiveCfg = Release|Any CPU
		{0D3B4EEE-A17B-4FD0-834E-5CCD210C49B9}.Release|iPhone.Build.0 = Release|Any CPU
		{0D3B4EEE-A17B-4FD0-834E-5CCD210C49B9}.Release|iPhoneSimulator.ActiveCfg = Release|Any CPU
		{0D3B4EEE-A17B-4FD0-834E-5CCD210C49B9}.Release|iPhoneSimulator.Build.0 = Release|Any CPU
		{51165F20-503B-4A95-BBAA-C541964FB087}.Ad-Hoc|Any CPU.ActiveCfg = Debug|Any CPU
		{51165F20-503B-4A95-BBAA-C541964FB087}.Ad-Hoc|Any CPU.Build.0 = Debug|Any CPU
		{51165F20-503B-4A95-BBAA-C541964FB087}.Ad-Hoc|iPhone.ActiveCfg = Debug|Any CPU
		{51165F20-503B-4A95-BBAA-C541964FB087}.Ad-Hoc|iPhone.Build.0 = Debug|Any CPU
		{51165F20-503B-4A95-BBAA-C541964FB087}.Ad-Hoc|iPhoneSimulator.ActiveCfg = Debug|Any CPU
		{51165F20-503B-4A95-BBAA-C541964FB087}.Ad-Hoc|iPhoneSimulator.Build.0 = Debug|Any CPU
		{51165F20-503B-4A95-BBAA-C541964FB087}.AppStore|Any CPU.ActiveCfg = Debug|Any CPU
		{51165F20-503B-4A95-BBAA-C541964FB087}.AppStore|Any CPU.Build.0 = Debug|Any CPU
		{51165F20-503B-4A95-BBAA-C541964FB087}.AppStore|iPhone.ActiveCfg = Debug|Any CPU
		{51165F20-503B-4A95-BBAA-C541964FB087}.AppStore|iPhone.Build.0 = Debug|Any CPU
		{51165F20-503B-4A95-BBAA-C541964FB087}.AppStore|iPhoneSimulator.ActiveCfg = Debug|Any CPU
		{51165F20-503B-4A95-BBAA-C541964FB087}.AppStore|iPhoneSimulator.Build.0 = Debug|Any CPU
		{51165F20-503B-4A95-BBAA-C541964FB087}.Debug|Any CPU.ActiveCfg = Debug|Any CPU
		{51165F20-503B-4A95-BBAA-C541964FB087}.Debug|Any CPU.Build.0 = Debug|Any CPU
		{51165F20-503B-4A95-BBAA-C541964FB087}.Debug|iPhone.ActiveCfg = Debug|Any CPU
		{51165F20-503B-4A95-BBAA-C541964FB087}.Debug|iPhone.Build.0 = Debug|Any CPU
		{51165F20-503B-4A95-BBAA-C541964FB087}.Debug|iPhoneSimulator.ActiveCfg = Debug|Any CPU
		{51165F20-503B-4A95-BBAA-C541964FB087}.Debug|iPhoneSimulator.Build.0 = Debug|Any CPU
		{51165F20-503B-4A95-BBAA-C541964FB087}.Release|Any CPU.ActiveCfg = Release|Any CPU
		{51165F20-503B-4A95-BBAA-C541964FB087}.Release|Any CPU.Build.0 = Release|Any CPU
		{51165F20-503B-4A95-BBAA-C541964FB087}.Release|iPhone.ActiveCfg = Release|Any CPU
		{51165F20-503B-4A95-BBAA-C541964FB087}.Release|iPhone.Build.0 = Release|Any CPU
		{51165F20-503B-4A95-BBAA-C541964FB087}.Release|iPhoneSimulator.ActiveCfg = Release|Any CPU
		{51165F20-503B-4A95-BBAA-C541964FB087}.Release|iPhoneSimulator.Build.0 = Release|Any CPU
		{A42B162C-3044-4D65-837D-0852DB0C1E72}.Ad-Hoc|Any CPU.ActiveCfg = Debug|Any CPU
		{A42B162C-3044-4D65-837D-0852DB0C1E72}.Ad-Hoc|Any CPU.Build.0 = Debug|Any CPU
		{A42B162C-3044-4D65-837D-0852DB0C1E72}.Ad-Hoc|iPhone.ActiveCfg = Debug|Any CPU
		{A42B162C-3044-4D65-837D-0852DB0C1E72}.Ad-Hoc|iPhone.Build.0 = Debug|Any CPU
		{A42B162C-3044-4D65-837D-0852DB0C1E72}.Ad-Hoc|iPhoneSimulator.ActiveCfg = Debug|Any CPU
		{A42B162C-3044-4D65-837D-0852DB0C1E72}.Ad-Hoc|iPhoneSimulator.Build.0 = Debug|Any CPU
		{A42B162C-3044-4D65-837D-0852DB0C1E72}.AppStore|Any CPU.ActiveCfg = Debug|Any CPU
		{A42B162C-3044-4D65-837D-0852DB0C1E72}.AppStore|Any CPU.Build.0 = Debug|Any CPU
		{A42B162C-3044-4D65-837D-0852DB0C1E72}.AppStore|iPhone.ActiveCfg = Debug|Any CPU
		{A42B162C-3044-4D65-837D-0852DB0C1E72}.AppStore|iPhone.Build.0 = Debug|Any CPU
		{A42B162C-3044-4D65-837D-0852DB0C1E72}.AppStore|iPhoneSimulator.ActiveCfg = Debug|Any CPU
		{A42B162C-3044-4D65-837D-0852DB0C1E72}.AppStore|iPhoneSimulator.Build.0 = Debug|Any CPU
		{A42B162C-3044-4D65-837D-0852DB0C1E72}.Debug|Any CPU.ActiveCfg = Debug|Any CPU
		{A42B162C-3044-4D65-837D-0852DB0C1E72}.Debug|Any CPU.Build.0 = Debug|Any CPU
		{A42B162C-3044-4D65-837D-0852DB0C1E72}.Debug|iPhone.ActiveCfg = Debug|Any CPU
		{A42B162C-3044-4D65-837D-0852DB0C1E72}.Debug|iPhone.Build.0 = Debug|Any CPU
		{A42B162C-3044-4D65-837D-0852DB0C1E72}.Debug|iPhoneSimulator.ActiveCfg = Debug|Any CPU
		{A42B162C-3044-4D65-837D-0852DB0C1E72}.Debug|iPhoneSimulator.Build.0 = Debug|Any CPU
		{A42B162C-3044-4D65-837D-0852DB0C1E72}.Release|Any CPU.ActiveCfg = Release|Any CPU
		{A42B162C-3044-4D65-837D-0852DB0C1E72}.Release|Any CPU.Build.0 = Release|Any CPU
		{A42B162C-3044-4D65-837D-0852DB0C1E72}.Release|iPhone.ActiveCfg = Release|Any CPU
		{A42B162C-3044-4D65-837D-0852DB0C1E72}.Release|iPhone.Build.0 = Release|Any CPU
		{A42B162C-3044-4D65-837D-0852DB0C1E72}.Release|iPhoneSimulator.ActiveCfg = Release|Any CPU
		{A42B162C-3044-4D65-837D-0852DB0C1E72}.Release|iPhoneSimulator.Build.0 = Release|Any CPU
		{38675F7C-9011-4088-B680-61871809F737}.Ad-Hoc|Any CPU.ActiveCfg = Debug|Any CPU
		{38675F7C-9011-4088-B680-61871809F737}.Ad-Hoc|Any CPU.Build.0 = Debug|Any CPU
		{38675F7C-9011-4088-B680-61871809F737}.Ad-Hoc|iPhone.ActiveCfg = Debug|Any CPU
		{38675F7C-9011-4088-B680-61871809F737}.Ad-Hoc|iPhone.Build.0 = Debug|Any CPU
		{38675F7C-9011-4088-B680-61871809F737}.Ad-Hoc|iPhoneSimulator.ActiveCfg = Debug|Any CPU
		{38675F7C-9011-4088-B680-61871809F737}.Ad-Hoc|iPhoneSimulator.Build.0 = Debug|Any CPU
		{38675F7C-9011-4088-B680-61871809F737}.AppStore|Any CPU.ActiveCfg = Debug|Any CPU
		{38675F7C-9011-4088-B680-61871809F737}.AppStore|Any CPU.Build.0 = Debug|Any CPU
		{38675F7C-9011-4088-B680-61871809F737}.AppStore|iPhone.ActiveCfg = Debug|Any CPU
		{38675F7C-9011-4088-B680-61871809F737}.AppStore|iPhone.Build.0 = Debug|Any CPU
		{38675F7C-9011-4088-B680-61871809F737}.AppStore|iPhoneSimulator.ActiveCfg = Debug|Any CPU
		{38675F7C-9011-4088-B680-61871809F737}.AppStore|iPhoneSimulator.Build.0 = Debug|Any CPU
		{38675F7C-9011-4088-B680-61871809F737}.Debug|Any CPU.ActiveCfg = Debug|Any CPU
		{38675F7C-9011-4088-B680-61871809F737}.Debug|Any CPU.Build.0 = Debug|Any CPU
		{38675F7C-9011-4088-B680-61871809F737}.Debug|iPhone.ActiveCfg = Debug|Any CPU
		{38675F7C-9011-4088-B680-61871809F737}.Debug|iPhone.Build.0 = Debug|Any CPU
		{38675F7C-9011-4088-B680-61871809F737}.Debug|iPhoneSimulator.ActiveCfg = Debug|Any CPU
		{38675F7C-9011-4088-B680-61871809F737}.Debug|iPhoneSimulator.Build.0 = Debug|Any CPU
		{38675F7C-9011-4088-B680-61871809F737}.Release|Any CPU.ActiveCfg = Release|Any CPU
		{38675F7C-9011-4088-B680-61871809F737}.Release|Any CPU.Build.0 = Release|Any CPU
		{38675F7C-9011-4088-B680-61871809F737}.Release|iPhone.ActiveCfg = Release|Any CPU
		{38675F7C-9011-4088-B680-61871809F737}.Release|iPhone.Build.0 = Release|Any CPU
		{38675F7C-9011-4088-B680-61871809F737}.Release|iPhoneSimulator.ActiveCfg = Release|Any CPU
		{38675F7C-9011-4088-B680-61871809F737}.Release|iPhoneSimulator.Build.0 = Release|Any CPU
		{D2FC823D-37C9-474A-AE33-D72995EF7EA1}.Ad-Hoc|Any CPU.ActiveCfg = Debug|Any CPU
		{D2FC823D-37C9-474A-AE33-D72995EF7EA1}.Ad-Hoc|Any CPU.Build.0 = Debug|Any CPU
		{D2FC823D-37C9-474A-AE33-D72995EF7EA1}.Ad-Hoc|iPhone.ActiveCfg = Debug|Any CPU
		{D2FC823D-37C9-474A-AE33-D72995EF7EA1}.Ad-Hoc|iPhone.Build.0 = Debug|Any CPU
		{D2FC823D-37C9-474A-AE33-D72995EF7EA1}.Ad-Hoc|iPhoneSimulator.ActiveCfg = Debug|Any CPU
		{D2FC823D-37C9-474A-AE33-D72995EF7EA1}.Ad-Hoc|iPhoneSimulator.Build.0 = Debug|Any CPU
		{D2FC823D-37C9-474A-AE33-D72995EF7EA1}.AppStore|Any CPU.ActiveCfg = Debug|Any CPU
		{D2FC823D-37C9-474A-AE33-D72995EF7EA1}.AppStore|Any CPU.Build.0 = Debug|Any CPU
		{D2FC823D-37C9-474A-AE33-D72995EF7EA1}.AppStore|iPhone.ActiveCfg = Debug|Any CPU
		{D2FC823D-37C9-474A-AE33-D72995EF7EA1}.AppStore|iPhone.Build.0 = Debug|Any CPU
		{D2FC823D-37C9-474A-AE33-D72995EF7EA1}.AppStore|iPhoneSimulator.ActiveCfg = Debug|Any CPU
		{D2FC823D-37C9-474A-AE33-D72995EF7EA1}.AppStore|iPhoneSimulator.Build.0 = Debug|Any CPU
		{D2FC823D-37C9-474A-AE33-D72995EF7EA1}.Debug|Any CPU.ActiveCfg = Debug|Any CPU
		{D2FC823D-37C9-474A-AE33-D72995EF7EA1}.Debug|Any CPU.Build.0 = Debug|Any CPU
		{D2FC823D-37C9-474A-AE33-D72995EF7EA1}.Debug|iPhone.ActiveCfg = Debug|Any CPU
		{D2FC823D-37C9-474A-AE33-D72995EF7EA1}.Debug|iPhone.Build.0 = Debug|Any CPU
		{D2FC823D-37C9-474A-AE33-D72995EF7EA1}.Debug|iPhoneSimulator.ActiveCfg = Debug|Any CPU
		{D2FC823D-37C9-474A-AE33-D72995EF7EA1}.Debug|iPhoneSimulator.Build.0 = Debug|Any CPU
		{D2FC823D-37C9-474A-AE33-D72995EF7EA1}.Release|Any CPU.ActiveCfg = Release|Any CPU
		{D2FC823D-37C9-474A-AE33-D72995EF7EA1}.Release|Any CPU.Build.0 = Release|Any CPU
		{D2FC823D-37C9-474A-AE33-D72995EF7EA1}.Release|iPhone.ActiveCfg = Release|Any CPU
		{D2FC823D-37C9-474A-AE33-D72995EF7EA1}.Release|iPhone.Build.0 = Release|Any CPU
		{D2FC823D-37C9-474A-AE33-D72995EF7EA1}.Release|iPhoneSimulator.ActiveCfg = Release|Any CPU
		{D2FC823D-37C9-474A-AE33-D72995EF7EA1}.Release|iPhoneSimulator.Build.0 = Release|Any CPU
		{7A706915-586C-45EF-93D5-FB9A4777987A}.Ad-Hoc|Any CPU.ActiveCfg = Debug|Any CPU
		{7A706915-586C-45EF-93D5-FB9A4777987A}.Ad-Hoc|Any CPU.Build.0 = Debug|Any CPU
		{7A706915-586C-45EF-93D5-FB9A4777987A}.Ad-Hoc|iPhone.ActiveCfg = Debug|Any CPU
		{7A706915-586C-45EF-93D5-FB9A4777987A}.Ad-Hoc|iPhone.Build.0 = Debug|Any CPU
		{7A706915-586C-45EF-93D5-FB9A4777987A}.Ad-Hoc|iPhoneSimulator.ActiveCfg = Debug|Any CPU
		{7A706915-586C-45EF-93D5-FB9A4777987A}.Ad-Hoc|iPhoneSimulator.Build.0 = Debug|Any CPU
		{7A706915-586C-45EF-93D5-FB9A4777987A}.AppStore|Any CPU.ActiveCfg = Debug|Any CPU
		{7A706915-586C-45EF-93D5-FB9A4777987A}.AppStore|Any CPU.Build.0 = Debug|Any CPU
		{7A706915-586C-45EF-93D5-FB9A4777987A}.AppStore|iPhone.ActiveCfg = Debug|Any CPU
		{7A706915-586C-45EF-93D5-FB9A4777987A}.AppStore|iPhone.Build.0 = Debug|Any CPU
		{7A706915-586C-45EF-93D5-FB9A4777987A}.AppStore|iPhoneSimulator.ActiveCfg = Debug|Any CPU
		{7A706915-586C-45EF-93D5-FB9A4777987A}.AppStore|iPhoneSimulator.Build.0 = Debug|Any CPU
		{7A706915-586C-45EF-93D5-FB9A4777987A}.Debug|Any CPU.ActiveCfg = Debug|Any CPU
		{7A706915-586C-45EF-93D5-FB9A4777987A}.Debug|Any CPU.Build.0 = Debug|Any CPU
		{7A706915-586C-45EF-93D5-FB9A4777987A}.Debug|iPhone.ActiveCfg = Debug|Any CPU
		{7A706915-586C-45EF-93D5-FB9A4777987A}.Debug|iPhone.Build.0 = Debug|Any CPU
		{7A706915-586C-45EF-93D5-FB9A4777987A}.Debug|iPhoneSimulator.ActiveCfg = Debug|Any CPU
		{7A706915-586C-45EF-93D5-FB9A4777987A}.Debug|iPhoneSimulator.Build.0 = Debug|Any CPU
		{7A706915-586C-45EF-93D5-FB9A4777987A}.Release|Any CPU.ActiveCfg = Release|Any CPU
		{7A706915-586C-45EF-93D5-FB9A4777987A}.Release|Any CPU.Build.0 = Release|Any CPU
		{7A706915-586C-45EF-93D5-FB9A4777987A}.Release|iPhone.ActiveCfg = Release|Any CPU
		{7A706915-586C-45EF-93D5-FB9A4777987A}.Release|iPhone.Build.0 = Release|Any CPU
		{7A706915-586C-45EF-93D5-FB9A4777987A}.Release|iPhoneSimulator.ActiveCfg = Release|Any CPU
		{7A706915-586C-45EF-93D5-FB9A4777987A}.Release|iPhoneSimulator.Build.0 = Release|Any CPU
	EndGlobalSection
	GlobalSection(SolutionProperties) = preSolution
		HideSolutionNode = FALSE
	EndGlobalSection
	GlobalSection(NestedProjects) = preSolution
		{C237B85A-7874-4201-8FAA-60665A90E0FE} = {185A5880-546C-4E1B-A226-71DDC59F6DC4}
		{1CF4A57D-084F-4125-9B15-5225AC01CF82} = {185A5880-546C-4E1B-A226-71DDC59F6DC4}
		{B036EDAE-726F-4184-BEC6-206AE3F300A7} = {185A5880-546C-4E1B-A226-71DDC59F6DC4}
		{0D3B4EEE-A17B-4FD0-834E-5CCD210C49B9} = {CC571A36-7131-401E-BB48-94BE477E4157}
		{51165F20-503B-4A95-BBAA-C541964FB087} = {CC571A36-7131-401E-BB48-94BE477E4157}
		{A42B162C-3044-4D65-837D-0852DB0C1E72} = {451694FF-8027-4AA2-A62B-54223A96C40F}
		{38675F7C-9011-4088-B680-61871809F737} = {185A5880-546C-4E1B-A226-71DDC59F6DC4}
		{D2FC823D-37C9-474A-AE33-D72995EF7EA1} = {98776C4C-7AE6-436E-AF1D-CF8E48D8A7AC}
		{7A706915-586C-45EF-93D5-FB9A4777987A} = {A7DEE167-120A-474F-9C09-4AA604D226EA}
		{A7DEE167-120A-474F-9C09-4AA604D226EA} = {CC571A36-7131-401E-BB48-94BE477E4157}
		{451694FF-8027-4AA2-A62B-54223A96C40F} = {CC571A36-7131-401E-BB48-94BE477E4157}
		{98776C4C-7AE6-436E-AF1D-CF8E48D8A7AC} = {CC571A36-7131-401E-BB48-94BE477E4157}
	EndGlobalSection
	GlobalSection(ExtensibilityGlobals) = postSolution
		SolutionGuid = {54CF4457-0C82-4E69-82DF-B129E8DBDA57}
	EndGlobalSection
EndGlobal
